// !$*UTF8*$!
{
	archiveVersion = 1;
	classes = {
	};
	objectVersion = 46;
	objects = {

/* Begin PBXBuildFile section */
		34FE3DBA1562EAA90062D44D /* UIKit.framework in Frameworks */ = {isa = PBXBuildFile; fileRef = 34FE3DB91562EAA90062D44D /* UIKit.framework */; };
		34FE3DBC1562EAA90062D44D /* Foundation.framework in Frameworks */ = {isa = PBXBuildFile; fileRef = 34FE3DBB1562EAA90062D44D /* Foundation.framework */; };
		34FE3DBE1562EAA90062D44D /* CoreGraphics.framework in Frameworks */ = {isa = PBXBuildFile; fileRef = 34FE3DBD1562EAA90062D44D /* CoreGraphics.framework */; };
		34FE3DC41562EAA90062D44D /* InfoPlist.strings in Resources */ = {isa = PBXBuildFile; fileRef = 34FE3DC21562EAA90062D44D /* InfoPlist.strings */; };
		34FE3DC61562EAA90062D44D /* main.m in Sources */ = {isa = PBXBuildFile; fileRef = 34FE3DC51562EAA90062D44D /* main.m */; };
		34FE3DCA1562EAA90062D44D /* AppDelegate.m in Sources */ = {isa = PBXBuildFile; fileRef = 34FE3DC91562EAA90062D44D /* AppDelegate.m */; };
		34FE3DCD1562EAA90062D44D /* MainStoryboard.storyboard in Resources */ = {isa = PBXBuildFile; fileRef = 34FE3DCB1562EAA90062D44D /* MainStoryboard.storyboard */; };
		34FE3DD01562EAA90062D44D /* MasterViewController.m in Sources */ = {isa = PBXBuildFile; fileRef = 34FE3DCF1562EAA90062D44D /* MasterViewController.m */; };
		34FE3DDB1562ECB60062D44D /* ItemCell.m in Sources */ = {isa = PBXBuildFile; fileRef = 34FE3DDA1562ECB50062D44D /* ItemCell.m */; };
		34FE3DDE1562EE720062D44D /* DetailViewController.m in Sources */ = {isa = PBXBuildFile; fileRef = 34FE3DDD1562EE720062D44D /* DetailViewController.m */; };
/* End PBXBuildFile section */

/* Begin PBXFileReference section */
		34FE3DB51562EAA90062D44D /* HelloWorldStoryboard.app */ = {isa = PBXFileReference; explicitFileType = wrapper.application; includeInIndex = 0; path = HelloWorldStoryboard.app; sourceTree = BUILT_PRODUCTS_DIR; };
		34FE3DB91562EAA90062D44D /* UIKit.framework */ = {isa = PBXFileReference; lastKnownFileType = wrapper.framework; name = UIKit.framework; path = System/Library/Frameworks/UIKit.framework; sourceTree = SDKROOT; };
		34FE3DBB1562EAA90062D44D /* Foundation.framework */ = {isa = PBXFileReference; lastKnownFileType = wrapper.framework; name = Foundation.framework; path = System/Library/Frameworks/Foundation.framework; sourceTree = SDKROOT; };
		34FE3DBD1562EAA90062D44D /* CoreGraphics.framework */ = {isa = PBXFileReference; lastKnownFileType = wrapper.framework; name = CoreGraphics.framework; path = System/Library/Frameworks/CoreGraphics.framework; sourceTree = SDKROOT; };
		34FE3DC11562EAA90062D44D /* HelloWorldStoryboard-Info.plist */ = {isa = PBXFileReference; lastKnownFileType = text.plist.xml; path = "HelloWorldStoryboard-Info.plist"; sourceTree = "<group>"; };
		34FE3DC31562EAA90062D44D /* en */ = {isa = PBXFileReference; lastKnownFileType = text.plist.strings; name = en; path = en.lproj/InfoPlist.strings; sourceTree = "<group>"; };
		34FE3DC51562EAA90062D44D /* main.m */ = {isa = PBXFileReference; lastKnownFileType = sourcecode.c.objc; path = main.m; sourceTree = "<group>"; };
		34FE3DC71562EAA90062D44D /* HelloWorldStoryboard-Prefix.pch */ = {isa = PBXFileReference; lastKnownFileType = sourcecode.c.h; path = "HelloWorldStoryboard-Prefix.pch"; sourceTree = "<group>"; };
		34FE3DC81562EAA90062D44D /* AppDelegate.h */ = {isa = PBXFileReference; lastKnownFileType = sourcecode.c.h; path = AppDelegate.h; sourceTree = "<group>"; };
		34FE3DC91562EAA90062D44D /* AppDelegate.m */ = {isa = PBXFileReference; lastKnownFileType = sourcecode.c.objc; path = AppDelegate.m; sourceTree = "<group>"; };
		34FE3DCC1562EAA90062D44D /* en */ = {isa = PBXFileReference; lastKnownFileType = file.storyboard; name = en; path = en.lproj/MainStoryboard.storyboard; sourceTree = "<group>"; };
		34FE3DCE1562EAA90062D44D /* MasterViewController.h */ = {isa = PBXFileReference; lastKnownFileType = sourcecode.c.h; path = MasterViewController.h; sourceTree = "<group>"; };
		34FE3DCF1562EAA90062D44D /* MasterViewController.m */ = {isa = PBXFileReference; lastKnownFileType = sourcecode.c.objc; path = MasterViewController.m; sourceTree = "<group>"; };
		34FE3DD91562ECB50062D44D /* ItemCell.h */ = {isa = PBXFileReference; fileEncoding = 4; lastKnownFileType = sourcecode.c.h; path = ItemCell.h; sourceTree = "<group>"; };
		34FE3DDA1562ECB50062D44D /* ItemCell.m */ = {isa = PBXFileReference; fileEncoding = 4; lastKnownFileType = sourcecode.c.objc; path = ItemCell.m; sourceTree = "<group>"; };
		34FE3DDC1562EE720062D44D /* DetailViewController.h */ = {isa = PBXFileReference; fileEncoding = 4; path = DetailViewController.h; sourceTree = "<group>"; };
		34FE3DDD1562EE720062D44D /* DetailViewController.m */ = {isa = PBXFileReference; fileEncoding = 4; lastKnownFileType = sourcecode.c.objc; path = DetailViewController.m; sourceTree = "<group>"; };
/* End PBXFileReference section */

/* Begin PBXFrameworksBuildPhase section */
		34FE3DB21562EAA90062D44D /* Frameworks */ = {
			isa = PBXFrameworksBuildPhase;
			buildActionMask = 2147483647;
			files = (
				34FE3DBA1562EAA90062D44D /* UIKit.framework in Frameworks */,
				34FE3DBC1562EAA90062D44D /* Foundation.framework in Frameworks */,
				34FE3DBE1562EAA90062D44D /* CoreGraphics.framework in Frameworks */,
			);
			runOnlyForDeploymentPostprocessing = 0;
		};
/* End PBXFrameworksBuildPhase section */

/* Begin PBXGroup section */
		34FE3DAA1562EAA90062D44D = {
			isa = PBXGroup;
			children = (
				34FE3DBF1562EAA90062D44D /* HelloWorldStoryboard */,
				34FE3DB81562EAA90062D44D /* Frameworks */,
				34FE3DB61562EAA90062D44D /* Products */,
			);
			sourceTree = "<group>";
		};
		34FE3DB61562EAA90062D44D /* Products */ = {
			isa = PBXGroup;
			children = (
				34FE3DB51562EAA90062D44D /* HelloWorldStoryboard.app */,
			);
			name = Products;
			sourceTree = "<group>";
		};
		34FE3DB81562EAA90062D44D /* Frameworks */ = {
			isa = PBXGroup;
			children = (
				34FE3DB91562EAA90062D44D /* UIKit.framework */,
				34FE3DBB1562EAA90062D44D /* Foundation.framework */,
				34FE3DBD1562EAA90062D44D /* CoreGraphics.framework */,
			);
			name = Frameworks;
			sourceTree = "<group>";
		};
		34FE3DBF1562EAA90062D44D /* HelloWorldStoryboard */ = {
			isa = PBXGroup;
			children = (
				34FE3DC81562EAA90062D44D /* AppDelegate.h */,
				34FE3DC91562EAA90062D44D /* AppDelegate.m */,
				34FE3DCB1562EAA90062D44D /* MainStoryboard.storyboard */,
				34FE3DCE1562EAA90062D44D /* MasterViewController.h */,
				34FE3DCF1562EAA90062D44D /* MasterViewController.m */,
				34FE3DD91562ECB50062D44D /* ItemCell.h */,
				34FE3DDA1562ECB50062D44D /* ItemCell.m */,
				34FE3DDC1562EE720062D44D /* DetailViewController.h */,
				34FE3DDD1562EE720062D44D /* DetailViewController.m */,
				34FE3DC01562EAA90062D44D /* Supporting Files */,
			);
			path = HelloWorldStoryboard;
			sourceTree = "<group>";
		};
		34FE3DC01562EAA90062D44D /* Supporting Files */ = {
			isa = PBXGroup;
			children = (
				34FE3DC11562EAA90062D44D /* HelloWorldStoryboard-Info.plist */,
				34FE3DC21562EAA90062D44D /* InfoPlist.strings */,
				34FE3DC51562EAA90062D44D /* main.m */,
				34FE3DC71562EAA90062D44D /* HelloWorldStoryboard-Prefix.pch */,
			);
			name = "Supporting Files";
			sourceTree = "<group>";
		};
/* End PBXGroup section */

/* Begin PBXNativeTarget section */
		34FE3DB41562EAA90062D44D /* HelloWorldStoryboard */ = {
			isa = PBXNativeTarget;
			buildConfigurationList = 34FE3DD61562EAA90062D44D /* Build configuration list for PBXNativeTarget "HelloWorldStoryboard" */;
			buildPhases = (
				34FE3DB11562EAA90062D44D /* Sources */,
				34FE3DB21562EAA90062D44D /* Frameworks */,
				34FE3DB31562EAA90062D44D /* Resources */,
			);
			buildRules = (
			);
			dependencies = (
			);
			name = HelloWorldStoryboard;
			productName = HelloWorldStoryboard;
			productReference = 34FE3DB51562EAA90062D44D /* HelloWorldStoryboard.app */;
			productType = "com.apple.product-type.application";
		};
/* End PBXNativeTarget section */

/* Begin PBXProject section */
		34FE3DAC1562EAA90062D44D /* Project object */ = {
			isa = PBXProject;
			attributes = {
				LastUpgradeCheck = 0430;
				ORGANIZATIONNAME = "Freelance Mad Science Labs";
			};
			buildConfigurationList = 34FE3DAF1562EAA90062D44D /* Build configuration list for PBXProject "HelloWorldStoryboard" */;
			compatibilityVersion = "Xcode 3.2";
			developmentRegion = English;
			hasScannedForEncodings = 0;
			knownRegions = (
				en,
			);
			mainGroup = 34FE3DAA1562EAA90062D44D;
			productRefGroup = 34FE3DB61562EAA90062D44D /* Products */;
			projectDirPath = "";
			projectRoot = "";
			targets = (
				34FE3DB41562EAA90062D44D /* HelloWorldStoryboard */,
			);
		};
/* End PBXProject section */

/* Begin PBXResourcesBuildPhase section */
		34FE3DB31562EAA90062D44D /* Resources */ = {
			isa = PBXResourcesBuildPhase;
			buildActionMask = 2147483647;
			files = (
				34FE3DC41562EAA90062D44D /* InfoPlist.strings in Resources */,
				34FE3DCD1562EAA90062D44D /* MainStoryboard.storyboard in Resources */,
			);
			runOnlyForDeploymentPostprocessing = 0;
		};
/* End PBXResourcesBuildPhase section */

/* Begin PBXSourcesBuildPhase section */
		34FE3DB11562EAA90062D44D /* Sources */ = {
			isa = PBXSourcesBuildPhase;
			buildActionMask = 2147483647;
			files = (
				34FE3DC61562EAA90062D44D /* main.m in Sources */,
				34FE3DCA1562EAA90062D44D /* AppDelegate.m in Sources */,
				34FE3DD01562EAA90062D44D /* MasterViewController.m in Sources */,
				34FE3DDB1562ECB60062D44D /* ItemCell.m in Sources */,
				34FE3DDE1562EE720062D44D /* DetailViewController.m in Sources */,
			);
			runOnlyForDeploymentPostprocessing = 0;
		};
/* End PBXSourcesBuildPhase section */

/* Begin PBXVariantGroup section */
		34FE3DC21562EAA90062D44D /* InfoPlist.strings */ = {
			isa = PBXVariantGroup;
			children = (
				34FE3DC31562EAA90062D44D /* en */,
			);
			name = InfoPlist.strings;
			sourceTree = "<group>";
		};
		34FE3DCB1562EAA90062D44D /* MainStoryboard.storyboard */ = {
			isa = PBXVariantGroup;
			children = (
				34FE3DCC1562EAA90062D44D /* en */,
			);
			name = MainStoryboard.storyboard;
			sourceTree = "<group>";
		};
/* End PBXVariantGroup section */

/* Begin XCBuildConfiguration section */
		34FE3DD41562EAA90062D44D /* Debug */ = {
			isa = XCBuildConfiguration;
			buildSettings = {
				ALWAYS_SEARCH_USER_PATHS = NO;
				ARCHS = "$(ARCHS_STANDARD_32_BIT)";
				CLANG_ENABLE_OBJC_ARC = YES;
				"CODE_SIGN_IDENTITY[sdk=iphoneos*]" = "iPhone Developer";
				COPY_PHASE_STRIP = NO;
				GCC_C_LANGUAGE_STANDARD = gnu99;
				GCC_DYNAMIC_NO_PIC = NO;
				GCC_OPTIMIZATION_LEVEL = 0;
				GCC_PREPROCESSOR_DEFINITIONS = (
					"DEBUG=1",
					"$(inherited)",
				);
				GCC_SYMBOLS_PRIVATE_EXTERN = NO;
				GCC_VERSION = com.apple.compilers.llvm.clang.1_0;
				GCC_WARN_ABOUT_RETURN_TYPE = YES;
				GCC_WARN_UNINITIALIZED_AUTOS = YES;
				GCC_WARN_UNUSED_VARIABLE = YES;
				IPHONEOS_DEPLOYMENT_TARGET = 5.1;
				SDKROOT = iphoneos;
			};
			name = Debug;
		};
		34FE3DD51562EAA90062D44D /* Release */ = {
			isa = XCBuildConfiguration;
			buildSettings = {
				ALWAYS_SEARCH_USER_PATHS = NO;
				ARCHS = "$(ARCHS_STANDARD_32_BIT)";
				CLANG_ENABLE_OBJC_ARC = YES;
				"CODE_SIGN_IDENTITY[sdk=iphoneos*]" = "iPhone Developer";
				COPY_PHASE_STRIP = YES;
				GCC_C_LANGUAGE_STANDARD = gnu99;
				GCC_VERSION = com.apple.compilers.llvm.clang.1_0;
				GCC_WARN_ABOUT_RETURN_TYPE = YES;
				GCC_WARN_UNINITIALIZED_AUTOS = YES;
				GCC_WARN_UNUSED_VARIABLE = YES;
				IPHONEOS_DEPLOYMENT_TARGET = 5.1;
				OTHER_CFLAGS = "-DNS_BLOCK_ASSERTIONS=1";
				SDKROOT = iphoneos;
				VALIDATE_PRODUCT = YES;
			};
			name = Release;
		};
		34FE3DD71562EAA90062D44D /* Debug */ = {
			isa = XCBuildConfiguration;
			buildSettings = {
				GCC_PRECOMPILE_PREFIX_HEADER = YES;
				GCC_PREFIX_HEADER = "HelloWorldStoryboard/HelloWorldStoryboard-Prefix.pch";
				INFOPLIST_FILE = "HelloWorldStoryboard/HelloWorldStoryboard-Info.plist";
				PRODUCT_NAME = "$(TARGET_NAME)";
				WRAPPER_EXTENSION = app;
			};
			name = Debug;
		};
		34FE3DD81562EAA90062D44D /* Release */ = {
			isa = XCBuildConfiguration;
			buildSettings = {
				GCC_PRECOMPILE_PREFIX_HEADER = YES;
				GCC_PREFIX_HEADER = "HelloWorldStoryboard/HelloWorldStoryboard-Prefix.pch";
				INFOPLIST_FILE = "HelloWorldStoryboard/HelloWorldStoryboard-Info.plist";
				PRODUCT_NAME = "$(TARGET_NAME)";
				WRAPPER_EXTENSION = app;
			};
			name = Release;
		};
/* End XCBuildConfiguration section */

/* Begin XCConfigurationList section */
		34FE3DAF1562EAA90062D44D /* Build configuration list for PBXProject "HelloWorldStoryboard" */ = {
			isa = XCConfigurationList;
			buildConfigurations = (
				34FE3DD41562EAA90062D44D /* Debug */,
				34FE3DD51562EAA90062D44D /* Release */,
			);
			defaultConfigurationIsVisible = 0;
			defaultConfigurationName = Release;
		};
		34FE3DD61562EAA90062D44D /* Build configuration list for PBXNativeTarget "HelloWorldStoryboard" */ = {
			isa = XCConfigurationList;
			buildConfigurations = (
				34FE3DD71562EAA90062D44D /* Debug */,
				34FE3DD81562EAA90062D44D /* Release */,
			);
			defaultConfigurationIsVisible = 0;
		};
/* End XCConfigurationList section */
	};
	rootObject = 34FE3DAC1562EAA90062D44D /* Project object */;
}
